{
  "name": "sayhellotobhar1gitr",
  "version": "1.0.0",
  "lockfileVersion": 2,
  "requires": true,
  "packages": {
    "": {
      "name": "sayhellotobhar1gitr",
      "version": "1.0.0",
      "license": "ISC",
      "dependencies": {
        "sayhellotobhar1gitr": "^1.0.0"
      }
    },
    "node_modules/sayhellotobhar1gitr": {
      "version": "1.0.0",
      "resolved": "https://registry.npmjs.org/sayhellotobhar1gitr/-/sayhellotobhar1gitr-1.0.0.tgz",
      "integrity": "sha512-6RiuZQU8lxsfkCHmqQE2pRifvGHrBn+pbAV039NxkEN/CbL75PluQHgb9hcIk6F2Q9klUp0sFoHoR5qSttf5YQ==",
      "dependencies": {
        "sayhellotobhar1gitr": "1.0.0"
      }
    }
  },
  "dependencies": {
    "sayhellotobhar1gitr": {
      "version": "1.0.0",
      "resolved": "https://registry.npmjs.org/sayhellotobhar1gitr/-/sayhellotobhar1gitr-1.0.0.tgz",
      "integrity": "sha512-6RiuZQU8lxsfkCHmqQE2pRifvGHrBn+pbAV039NxkEN/CbL75PluQHgb9hcIk6F2Q9klUp0sFoHoR5qSttf5YQ==",
      "requires": {
        "sayhellotobhar1gitr": "1.0.0"
      }
    }
  }
}
